
Microsoft Visual Studio Solution File, Format Version 10.00
# Visual Studio 2008
Project("{2150E333-8FDC-42A3-9474-1A3956D46DE8}") = "Feature", "Feature", "{FEDFE8D7-3D89-4A4A-8BBF-FE32D68EC46E}"
EndProject
Project("{2150E333-8FDC-42A3-9474-1A3956D46DE8}") = "PlatformTest", "PlatformTest", "{95D902C6-0FFB-4E3B-A613-FC8CE0B7AC67}"
EndProject
Project("{8BC9CEB8-8B4A-11D0-8D11-00A0C91BC942}") = "UiAssistLib", "UiAssistLib\UiAssistLib.vcproj", "{1EAFE2F7-FE2A-4271-A2E9-BCC236412A25}"
EndProject
Project("{8BC9CEB8-8B4A-11D0-8D11-00A0C91BC942}") = "UiFeatureKernel", "UiFeatureKernel\UiFeatureKernel.vcproj", "{1EAFE2F7-FE3A-4270-A2C9-BAA23648AA21}"
	ProjectSection(ProjectDependencies) = postProject
		{1EAFE2F7-FE2A-4271-A2E9-BCC236412A25} = {1EAFE2F7-FE2A-4271-A2E9-BCC236412A25}
	EndProjectSection
EndProject
Project("{8BC9CEB8-8B4A-11D0-8D11-00A0C91BC942}") = "UiFeatureBuilder", "UiFeatureBuilder\UiFeatureBuilder.vcproj", "{DD4AAEDF-0E9B-48B4-9E69-1B25D343A299}"
	ProjectSection(ProjectDependencies) = postProject
		{1EAFE2F7-FE2A-4271-A2E9-BCC236412A25} = {1EAFE2F7-FE2A-4271-A2E9-BCC236412A25}
	EndProjectSection
EndProject
Project("{8BC9CEB8-8B4A-11D0-8D11-00A0C91BC942}") = "UiFeatureControl", "UiFeatureControl\UiFeatureControl.vcproj", "{1EAFE2F7-FE3A-4270-A2E9-BAA23648AA25}"
	ProjectSection(ProjectDependencies) = postProject
		{1EAFE2F7-FE2A-4271-A2E9-BCC236412A25} = {1EAFE2F7-FE2A-4271-A2E9-BCC236412A25}
	EndProjectSection
EndProject
Project("{8BC9CEB8-8B4A-11D0-8D11-00A0C91BC942}") = "TestMfc", "..\Test\TestMfc\TestMfc.vcproj", "{CF85FB17-3687-4115-873E-AEC2C899F470}"
EndProject
Project("{8BC9CEB8-8B4A-11D0-8D11-00A0C91BC942}") = "TestWin32", "..\Test\TestWin32\TestWin32.vcproj", "{9DE73C94-56F5-47AD-BF3B-6C650BB90123}"
EndProject
Global
	GlobalSection(SolutionConfigurationPlatforms) = preSolution
		Debug|Win32 = Debug|Win32
		Release|Win32 = Release|Win32
	EndGlobalSection
	GlobalSection(ProjectConfigurationPlatforms) = postSolution
		{1EAFE2F7-FE2A-4271-A2E9-BCC236412A25}.Debug|Win32.ActiveCfg = Debug|Win32
		{1EAFE2F7-FE2A-4271-A2E9-BCC236412A25}.Debug|Win32.Build.0 = Debug|Win32
		{1EAFE2F7-FE2A-4271-A2E9-BCC236412A25}.Release|Win32.ActiveCfg = Release|Win32
		{1EAFE2F7-FE2A-4271-A2E9-BCC236412A25}.Release|Win32.Build.0 = Release|Win32
		{1EAFE2F7-FE3A-4270-A2C9-BAA23648AA21}.Debug|Win32.ActiveCfg = Debug|Win32
		{1EAFE2F7-FE3A-4270-A2C9-BAA23648AA21}.Debug|Win32.Build.0 = Debug|Win32
		{1EAFE2F7-FE3A-4270-A2C9-BAA23648AA21}.Release|Win32.ActiveCfg = Release|Win32
		{1EAFE2F7-FE3A-4270-A2C9-BAA23648AA21}.Release|Win32.Build.0 = Release|Win32
		{DD4AAEDF-0E9B-48B4-9E69-1B25D343A299}.Debug|Win32.ActiveCfg = Debug|Win32
		{DD4AAEDF-0E9B-48B4-9E69-1B25D343A299}.Debug|Win32.Build.0 = Debug|Win32
		{DD4AAEDF-0E9B-48B4-9E69-1B25D343A299}.Release|Win32.ActiveCfg = Release|Win32
		{DD4AAEDF-0E9B-48B4-9E69-1B25D343A299}.Release|Win32.Build.0 = Release|Win32
		{1EAFE2F7-FE3A-4270-A2E9-BAA23648AA25}.Debug|Win32.ActiveCfg = Debug|Win32
		{1EAFE2F7-FE3A-4270-A2E9-BAA23648AA25}.Debug|Win32.Build.0 = Debug|Win32
		{1EAFE2F7-FE3A-4270-A2E9-BAA23648AA25}.Release|Win32.ActiveCfg = Release|Win32
		{1EAFE2F7-FE3A-4270-A2E9-BAA23648AA25}.Release|Win32.Build.0 = Release|Win32
		{CF85FB17-3687-4115-873E-AEC2C899F470}.Debug|Win32.ActiveCfg = Debug|Win32
		{CF85FB17-3687-4115-873E-AEC2C899F470}.Debug|Win32.Build.0 = Debug|Win32
		{CF85FB17-3687-4115-873E-AEC2C899F470}.Release|Win32.ActiveCfg = Release|Win32
		{CF85FB17-3687-4115-873E-AEC2C899F470}.Release|Win32.Build.0 = Release|Win32
		{9DE73C94-56F5-47AD-BF3B-6C650BB90123}.Debug|Win32.ActiveCfg = Debug|Win32
		{9DE73C94-56F5-47AD-BF3B-6C650BB90123}.Debug|Win32.Build.0 = Debug|Win32
		{9DE73C94-56F5-47AD-BF3B-6C650BB90123}.Release|Win32.ActiveCfg = Release|Win32
		{9DE73C94-56F5-47AD-BF3B-6C650BB90123}.Release|Win32.Build.0 = Release|Win32
	EndGlobalSection
	GlobalSection(SolutionProperties) = preSolution
		HideSolutionNode = FALSE
	EndGlobalSection
	GlobalSection(NestedProjects) = preSolution
		{1EAFE2F7-FE2A-4271-A2E9-BCC236412A25} = {FEDFE8D7-3D89-4A4A-8BBF-FE32D68EC46E}
		{1EAFE2F7-FE3A-4270-A2C9-BAA23648AA21} = {FEDFE8D7-3D89-4A4A-8BBF-FE32D68EC46E}
		{DD4AAEDF-0E9B-48B4-9E69-1B25D343A299} = {FEDFE8D7-3D89-4A4A-8BBF-FE32D68EC46E}
		{1EAFE2F7-FE3A-4270-A2E9-BAA23648AA25} = {FEDFE8D7-3D89-4A4A-8BBF-FE32D68EC46E}
		{CF85FB17-3687-4115-873E-AEC2C899F470} = {95D902C6-0FFB-4E3B-A613-FC8CE0B7AC67}
		{9DE73C94-56F5-47AD-BF3B-6C650BB90123} = {95D902C6-0FFB-4E3B-A613-FC8CE0B7AC67}
	EndGlobalSection
EndGlobal
