
Microsoft Visual Studio Solution File, Format Version 10.00
# Visual Studio 2008
Project("{8BC9CEB8-8B4A-11D0-8D11-00A0C91BC942}") = "Demo_DialogAnimation", "Demo_DialogAnimation\Demo_DialogAnimation.vcproj", "{9EB8DB9B-9CD1-4C58-84FD-6208BA0D99BA}"
EndProject
Project("{8BC9CEB8-8B4A-11D0-8D11-00A0C91BC942}") = "Demo_HighPerformance", "Demo_HighPerformance\Demo_HighPerformance.vcproj", "{36974344-6DB7-453A-8FFD-BCB0988B9A11}"
EndProject
Project("{8BC9CEB8-8B4A-11D0-8D11-00A0C91BC942}") = "Demo_UiFeatureWindow", "Demo_UiFeatureWindow\Demo_UiFeatureWindow.vcproj", "{0A8E628B-9B00-4FAA-AAFC-9705F2D260E8}"
EndProject
Project("{8BC9CEB8-8B4A-11D0-8D11-00A0C91BC942}") = "Demo_ScrollCornerWindow", "Demo_ScrollCornerWindow\Demo_ScrollCornerWindow.vcproj", "{9EB8DB9B-9CD1-4C58-84FD-6212BA0D99BA}"
EndProject
Project("{8BC9CEB8-8B4A-11D0-8D11-00A0C91BC942}") = "Demo_ControlAnimation", "Demo_ControlAnimation\Demo_ControlAnimation.vcproj", "{9EB8DB9B-91D1-4C58-84FD-6268BA0D99BA}"
EndProject
Project("{8BC9CEB8-8B4A-11D0-8D11-00A0C91BC942}") = "Demo_WindowAnimation", "Demo_WindowAnimation\Demo_WindowAnimation.vcproj", "{9EB8DB9B-91D1-4C58-84FD-6208BA0D99BA}"
EndProject
Global
	GlobalSection(SolutionConfigurationPlatforms) = preSolution
		Debug|Win32 = Debug|Win32
		Release|Win32 = Release|Win32
	EndGlobalSection
	GlobalSection(ProjectConfigurationPlatforms) = postSolution
		{9EB8DB9B-9CD1-4C58-84FD-6208BA0D99BA}.Debug|Win32.ActiveCfg = Debug|Win32
		{9EB8DB9B-9CD1-4C58-84FD-6208BA0D99BA}.Debug|Win32.Build.0 = Debug|Win32
		{9EB8DB9B-9CD1-4C58-84FD-6208BA0D99BA}.Release|Win32.ActiveCfg = Release|Win32
		{9EB8DB9B-9CD1-4C58-84FD-6208BA0D99BA}.Release|Win32.Build.0 = Release|Win32
		{36974344-6DB7-453A-8FFD-BCB0988B9A11}.Debug|Win32.ActiveCfg = Debug|Win32
		{36974344-6DB7-453A-8FFD-BCB0988B9A11}.Debug|Win32.Build.0 = Debug|Win32
		{36974344-6DB7-453A-8FFD-BCB0988B9A11}.Release|Win32.ActiveCfg = Release|Win32
		{36974344-6DB7-453A-8FFD-BCB0988B9A11}.Release|Win32.Build.0 = Release|Win32
		{0A8E628B-9B00-4FAA-AAFC-9705F2D260E8}.Debug|Win32.ActiveCfg = Debug|Win32
		{0A8E628B-9B00-4FAA-AAFC-9705F2D260E8}.Debug|Win32.Build.0 = Debug|Win32
		{0A8E628B-9B00-4FAA-AAFC-9705F2D260E8}.Release|Win32.ActiveCfg = Release|Win32
		{0A8E628B-9B00-4FAA-AAFC-9705F2D260E8}.Release|Win32.Build.0 = Release|Win32
		{9EB8DB9B-9CD1-4C58-84FD-6212BA0D99BA}.Debug|Win32.ActiveCfg = Debug|Win32
		{9EB8DB9B-9CD1-4C58-84FD-6212BA0D99BA}.Debug|Win32.Build.0 = Debug|Win32
		{9EB8DB9B-9CD1-4C58-84FD-6212BA0D99BA}.Release|Win32.ActiveCfg = Release|Win32
		{9EB8DB9B-9CD1-4C58-84FD-6212BA0D99BA}.Release|Win32.Build.0 = Release|Win32
		{9EB8DB9B-91D1-4C58-84FD-6268BA0D99BA}.Debug|Win32.ActiveCfg = Debug|Win32
		{9EB8DB9B-91D1-4C58-84FD-6268BA0D99BA}.Debug|Win32.Build.0 = Debug|Win32
		{9EB8DB9B-91D1-4C58-84FD-6268BA0D99BA}.Release|Win32.ActiveCfg = Release|Win32
		{9EB8DB9B-91D1-4C58-84FD-6268BA0D99BA}.Release|Win32.Build.0 = Release|Win32
		{9EB8DB9B-91D1-4C58-84FD-6208BA0D99BA}.Debug|Win32.ActiveCfg = Debug|Win32
		{9EB8DB9B-91D1-4C58-84FD-6208BA0D99BA}.Debug|Win32.Build.0 = Debug|Win32
		{9EB8DB9B-91D1-4C58-84FD-6208BA0D99BA}.Release|Win32.ActiveCfg = Release|Win32
		{9EB8DB9B-91D1-4C58-84FD-6208BA0D99BA}.Release|Win32.Build.0 = Release|Win32
	EndGlobalSection
	GlobalSection(SolutionProperties) = preSolution
		HideSolutionNode = FALSE
	EndGlobalSection
EndGlobal
