
Microsoft Visual Studio Solution File, Format Version 10.00
# Visual Studio 2008
Project("{8BC9CEB8-8B4A-11D0-8D11-00A0C91BC942}") = "UiFeatureKernel", "UiFeatureKernel.vcproj", "{322EC5E1-B1B9-4DF7-AAD3-4BF30376B3A9}"
EndProject
Global
	GlobalSection(SolutionConfigurationPlatforms) = preSolution
		Debug|Win32 = Debug|Win32
		Release|Win32 = Release|Win32
	EndGlobalSection
	GlobalSection(ProjectConfigurationPlatforms) = postSolution
		{322EC5E1-B1B9-4DF7-AAD3-4BF30376B3A9}.Debug|Win32.ActiveCfg = Debug|Win32
		{322EC5E1-B1B9-4DF7-AAD3-4BF30376B3A9}.Debug|Win32.Build.0 = Debug|Win32
		{322EC5E1-B1B9-4DF7-AAD3-4BF30376B3A9}.Release|Win32.ActiveCfg = Release|Win32
		{322EC5E1-B1B9-4DF7-AAD3-4BF30376B3A9}.Release|Win32.Build.0 = Release|Win32
	EndGlobalSection
	GlobalSection(SolutionProperties) = preSolution
		HideSolutionNode = FALSE
	EndGlobalSection
EndGlobal
