
Microsoft Visual Studio Solution File, Format Version 10.00
# Visual Studio 2008
Project("{8BC9CEB8-8B4A-11D0-8D11-00A0C91BC942}") = "image_perspective", "image_perspective.vcproj", "{BED77897-3785-480F-883F-345C6FC2D3A5}"
EndProject
Global
	GlobalSection(SolutionConfigurationPlatforms) = preSolution
		Debug|Win32 = Debug|Win32
		Release|Win32 = Release|Win32
	EndGlobalSection
	GlobalSection(ProjectConfigurationPlatforms) = postSolution
		{BED77897-3785-480F-883F-345C6FC2D3A5}.Debug|Win32.ActiveCfg = Debug|Win32
		{BED77897-3785-480F-883F-345C6FC2D3A5}.Debug|Win32.Build.0 = Debug|Win32
		{BED77897-3785-480F-883F-345C6FC2D3A5}.Release|Win32.ActiveCfg = Release|Win32
		{BED77897-3785-480F-883F-345C6FC2D3A5}.Release|Win32.Build.0 = Release|Win32
	EndGlobalSection
	GlobalSection(SolutionProperties) = preSolution
		HideSolutionNode = FALSE
	EndGlobalSection
EndGlobal
